
Microsoft Visual Studio Solution File, Format Version 12.00
# Visual Studio Version 17
VisualStudioVersion = 17.2.32516.85
MinimumVisualStudioVersion = 10.0.40219.1
Project("{9A19103F-16F7-4668-BE54-9A1E7A4F7556}") = "c4_parallel-basics", "c4_parallel-basics.csproj", "{A5B2F610-ABFE-4EEF-B3F5-9DECAB667D94}"
EndProject
Global
	GlobalSection(SolutionConfigurationPlatforms) = preSolution
		Debug|Any CPU = Debug|Any CPU
		Release|Any CPU = Release|Any CPU
	EndGlobalSection
	GlobalSection(ProjectConfigurationPlatforms) = postSolution
		{A5B2F610-ABFE-4EEF-B3F5-9DECAB667D94}.Debug|Any CPU.ActiveCfg = Debug|Any CPU
		{A5B2F610-ABFE-4EEF-B3F5-9DECAB667D94}.Debug|Any CPU.Build.0 = Debug|Any CPU
		{A5B2F610-ABFE-4EEF-B3F5-9DECAB667D94}.Release|Any CPU.ActiveCfg = Release|Any CPU
		{A5B2F610-ABFE-4EEF-B3F5-9DECAB667D94}.Release|Any CPU.Build.0 = Release|Any CPU
	EndGlobalSection
	GlobalSection(SolutionProperties) = preSolution
		HideSolutionNode = FALSE
	EndGlobalSection
	GlobalSection(ExtensibilityGlobals) = postSolution
		SolutionGuid = {B22E2055-C78A-4BBC-921E-B7BE82B7F986}
	EndGlobalSection
EndGlobal
